
Microsoft Visual Studio Solution File, Format Version 12.00
# Visual Studio Version 17
VisualStudioVersion = 17.1.32414.318
MinimumVisualStudioVersion = 10.0.40219.1
Project("{9A19103F-16F7-4668-BE54-9A1E7A4F7556}") = "PlaylistModule", "PlaylistModule\PlaylistModule.csproj", "{CE5E86FC-5F2D-4290-B617-D0A10DAD6A75}"
EndProject
Project("{FAE04EC0-301F-11D3-BF4B-00C04F79EFBC}") = "PlaylistModuleClient", "PlaylistModuleClient\PlaylistModuleClient.csproj", "{52C7A957-0D43-4A62-BB77-E09A034C9EDD}"
EndProject
Global
	GlobalSection(SolutionConfigurationPlatforms) = preSolution
		Debug|Any CPU = Debug|Any CPU
		Release|Any CPU = Release|Any CPU
	EndGlobalSection
	GlobalSection(ProjectConfigurationPlatforms) = postSolution
		{CE5E86FC-5F2D-4290-B617-D0A10DAD6A75}.Debug|Any CPU.ActiveCfg = Debug|Any CPU
		{CE5E86FC-5F2D-4290-B617-D0A10DAD6A75}.Debug|Any CPU.Build.0 = Debug|Any CPU
		{CE5E86FC-5F2D-4290-B617-D0A10DAD6A75}.Release|Any CPU.ActiveCfg = Release|Any CPU
		{CE5E86FC-5F2D-4290-B617-D0A10DAD6A75}.Release|Any CPU.Build.0 = Release|Any CPU
		{52C7A957-0D43-4A62-BB77-E09A034C9EDD}.Debug|Any CPU.ActiveCfg = Debug|Any CPU
		{52C7A957-0D43-4A62-BB77-E09A034C9EDD}.Debug|Any CPU.Build.0 = Debug|Any CPU
		{52C7A957-0D43-4A62-BB77-E09A034C9EDD}.Release|Any CPU.ActiveCfg = Release|Any CPU
		{52C7A957-0D43-4A62-BB77-E09A034C9EDD}.Release|Any CPU.Build.0 = Release|Any CPU
	EndGlobalSection
	GlobalSection(SolutionProperties) = preSolution
		HideSolutionNode = FALSE
	EndGlobalSection
	GlobalSection(ExtensibilityGlobals) = postSolution
		SolutionGuid = {27192B97-92C6-49D4-94A6-CAD9964B531A}
	EndGlobalSection
EndGlobal
